
Microsoft Visual Studio Solution File, Format Version 12.00
# Visual Studio Version 16
VisualStudioVersion = 16.0.31410.357
MinimumVisualStudioVersion = 10.0.40219.1
Project("{FAE04EC0-301F-11D3-BF4B-00C04F79EFBC}") = "Converter", "Converter\Converter.csproj", "{83FC146F-1D64-4969-BE88-51E3AD8D1A5F}"
EndProject
Global
	GlobalSection(SolutionConfigurationPlatforms) = preSolution
		Debug|Any CPU = Debug|Any CPU
		Release|Any CPU = Release|Any CPU
	EndGlobalSection
	GlobalSection(ProjectConfigurationPlatforms) = postSolution
		{83FC146F-1D64-4969-BE88-51E3AD8D1A5F}.Debug|Any CPU.ActiveCfg = Debug|Any CPU
		{83FC146F-1D64-4969-BE88-51E3AD8D1A5F}.Debug|Any CPU.Build.0 = Debug|Any CPU
		{83FC146F-1D64-4969-BE88-51E3AD8D1A5F}.Release|Any CPU.ActiveCfg = Release|Any CPU
		{83FC146F-1D64-4969-BE88-51E3AD8D1A5F}.Release|Any CPU.Build.0 = Release|Any CPU
	EndGlobalSection
	GlobalSection(SolutionProperties) = preSolution
		HideSolutionNode = FALSE
	EndGlobalSection
	GlobalSection(ExtensibilityGlobals) = postSolution
		SolutionGuid = {A35543D9-A077-48A1-B57F-2AA49E57AF1B}
	EndGlobalSection
EndGlobal
